
Microsoft Visual Studio Solution File, Format Version 12.00
# Visual Studio Version 17
VisualStudioVersion = 17.7.34009.444
MinimumVisualStudioVersion = 10.0.40219.1
Project("{FAE04EC0-301F-11D3-BF4B-00C04F79EFBC}") = "2.2Uzduotis_Out", "2.2Uzduotis_Out\2.2Uzduotis_Out.csproj", "{13D91C51-CD61-4641-83B0-CCD3F0DC2EBD}"
EndProject
Global
	GlobalSection(SolutionConfigurationPlatforms) = preSolution
		Debug|Any CPU = Debug|Any CPU
		Release|Any CPU = Release|Any CPU
	EndGlobalSection
	GlobalSection(ProjectConfigurationPlatforms) = postSolution
		{13D91C51-CD61-4641-83B0-CCD3F0DC2EBD}.Debug|Any CPU.ActiveCfg = Debug|Any CPU
		{13D91C51-CD61-4641-83B0-CCD3F0DC2EBD}.Debug|Any CPU.Build.0 = Debug|Any CPU
		{13D91C51-CD61-4641-83B0-CCD3F0DC2EBD}.Release|Any CPU.ActiveCfg = Release|Any CPU
		{13D91C51-CD61-4641-83B0-CCD3F0DC2EBD}.Release|Any CPU.Build.0 = Release|Any CPU
	EndGlobalSection
	GlobalSection(SolutionProperties) = preSolution
		HideSolutionNode = FALSE
	EndGlobalSection
	GlobalSection(ExtensibilityGlobals) = postSolution
		SolutionGuid = {54161073-3E88-4293-83EC-4560212FA4DA}
	EndGlobalSection
EndGlobal
